Microsoft Visual Studio Solution File, Format Version 12.00
# Visual Studio Version 18
VisualStudioVersion = 18.3.11505.172 d18.3
MinimumVisualStudioVersion = 10.0.40219.1
Project("{8BC9CEB8-8B4A-11D0-8D11-00A0C91BC942}") = "Mile.Aria2.Wslay", "Mile.Aria2.Wslay\Mile.Aria2.Wslay.vcxproj", "{E8C0DBBE-0B8F-40B2-BACE-D5E3876A57E1}"
EndProject
Project("{8BC9CEB8-8B4A-11D0-8D11-00A0C91BC942}") = "Mile.Aria2.Library", "Mile.Aria2.Library\Mile.Aria2.Library.vcxproj", "{E51989D4-79D3-4EAC-A7BF-F076996821BB}"
	ProjectSection(ProjectDependencies) = postProject
		{E8C0DBBE-0B8F-40B2-BACE-D5E3876A57E1} = {E8C0DBBE-0B8F-40B2-BACE-D5E3876A57E1}
	EndProjectSection
EndProject
Project("{8BC9CEB8-8B4A-11D0-8D11-00A0C91BC942}") = "Mile.Aria2", "Mile.Aria2\Mile.Aria2.vcxproj", "{696BC0B6-CA75-4955-97DE-A0A14345C55E}"
	ProjectSection(ProjectDependencies) = postProject
		{E51989D4-79D3-4EAC-A7BF-F076996821BB} = {E51989D4-79D3-4EAC-A7BF-F076996821BB}
	EndProjectSection
EndProject
Global
	GlobalSection(SolutionConfigurationPlatforms) = preSolution
		Debug|ARM64 = Debug|ARM64
		Debug|x64 = Debug|x64
		Debug|x86 = Debug|x86
		Release|ARM64 = Release|ARM64
		Release|x64 = Release|x64
		Release|x86 = Release|x86
	EndGlobalSection
	GlobalSection(ProjectConfigurationPlatforms) = postSolution
		{E8C0DBBE-0B8F-40B2-BACE-D5E3876A57E1}.Debug|ARM64.ActiveCfg = Debug|ARM64
		{E8C0DBBE-0B8F-40B2-BACE-D5E3876A57E1}.Debug|ARM64.Build.0 = Debug|ARM64
		{E8C0DBBE-0B8F-40B2-BACE-D5E3876A57E1}.Debug|x64.ActiveCfg = Debug|x64
		{E8C0DBBE-0B8F-40B2-BACE-D5E3876A57E1}.Debug|x64.Build.0 = Debug|x64
		{E8C0DBBE-0B8F-40B2-BACE-D5E3876A57E1}.Debug|x86.ActiveCfg = Debug|Win32
		{E8C0DBBE-0B8F-40B2-BACE-D5E3876A57E1}.Debug|x86.Build.0 = Debug|Win32
		{E8C0DBBE-0B8F-40B2-BACE-D5E3876A57E1}.Release|ARM64.ActiveCfg = Release|ARM64
		{E8C0DBBE-0B8F-40B2-BACE-D5E3876A57E1}.Release|ARM64.Build.0 = Release|ARM64
		{E8C0DBBE-0B8F-40B2-BACE-D5E3876A57E1}.Release|x64.ActiveCfg = Release|x64
		{E8C0DBBE-0B8F-40B2-BACE-D5E3876A57E1}.Release|x64.Build.0 = Release|x64
		{E8C0DBBE-0B8F-40B2-BACE-D5E3876A57E1}.Release|x86.ActiveCfg = Release|Win32
		{E8C0DBBE-0B8F-40B2-BACE-D5E3876A57E1}.Release|x86.Build.0 = Release|Win32
		{E51989D4-79D3-4EAC-A7BF-F076996821BB}.Debug|ARM64.ActiveCfg = Debug|ARM64
		{E51989D4-79D3-4EAC-A7BF-F076996821BB}.Debug|ARM64.Build.0 = Debug|ARM64
		{E51989D4-79D3-4EAC-A7BF-F076996821BB}.Debug|x64.ActiveCfg = Debug|x64
		{E51989D4-79D3-4EAC-A7BF-F076996821BB}.Debug|x64.Build.0 = Debug|x64
		{E51989D4-79D3-4EAC-A7BF-F076996821BB}.Debug|x86.ActiveCfg = Debug|Win32
		{E51989D4-79D3-4EAC-A7BF-F076996821BB}.Debug|x86.Build.0 = Debug|Win32
		{E51989D4-79D3-4EAC-A7BF-F076996821BB}.Release|ARM64.ActiveCfg = Release|ARM64
		{E51989D4-79D3-4EAC-A7BF-F076996821BB}.Release|ARM64.Build.0 = Release|ARM64
		{E51989D4-79D3-4EAC-A7BF-F076996821BB}.Release|x64.ActiveCfg = Release|x64
		{E51989D4-79D3-4EAC-A7BF-F076996821BB}.Release|x64.Build.0 = Release|x64
		{E51989D4-79D3-4EAC-A7BF-F076996821BB}.Release|x86.ActiveCfg = Release|Win32
		{E51989D4-79D3-4EAC-A7BF-F076996821BB}.Release|x86.Build.0 = Release|Win32
		{696BC0B6-CA75-4955-97DE-A0A14345C55E}.Debug|ARM64.ActiveCfg = Debug|ARM64
		{696BC0B6-CA75-4955-97DE-A0A14345C55E}.Debug|ARM64.Build.0 = Debug|ARM64
		{696BC0B6-CA75-4955-97DE-A0A14345C55E}.Debug|x64.ActiveCfg = Debug|x64
		{696BC0B6-CA75-4955-97DE-A0A14345C55E}.Debug|x64.Build.0 = Debug|x64
		{696BC0B6-CA75-4955-97DE-A0A14345C55E}.Debug|x86.ActiveCfg = Debug|Win32
		{696BC0B6-CA75-4955-97DE-A0A14345C55E}.Debug|x86.Build.0 = Debug|Win32
		{696BC0B6-CA75-4955-97DE-A0A14345C55E}.Release|ARM64.ActiveCfg = Release|ARM64
		{696BC0B6-CA75-4955-97DE-A0A14345C55E}.Release|ARM64.Build.0 = Release|ARM64
		{696BC0B6-CA75-4955-97DE-A0A14345C55E}.Release|x64.ActiveCfg = Release|x64
		{696BC0B6-CA75-4955-97DE-A0A14345C55E}.Release|x64.Build.0 = Release|x64
		{696BC0B6-CA75-4955-97DE-A0A14345C55E}.Release|x86.ActiveCfg = Release|Win32
		{696BC0B6-CA75-4955-97DE-A0A14345C55E}.Release|x86.Build.0 = Release|Win32
	EndGlobalSection
	GlobalSection(SolutionProperties) = preSolution
		HideSolutionNode = FALSE
	EndGlobalSection
	GlobalSection(ExtensibilityGlobals) = postSolution
		SolutionGuid = {83D4DF60-ADE6-4017-9BB2-C0D4030A2114}
	EndGlobalSection
EndGlobal
