
Microsoft Visual Studio Solution File, Format Version 12.00
# Visual Studio Version 17
VisualStudioVersion = 17.9.34701.34
MinimumVisualStudioVersion = 10.0.40219.1
Project("{9A19103F-16F7-4668-BE54-9A1E7A4F7556}") = "Mile.Aria2.RefreshPackageVersion", "Mile.Aria2.RefreshPackageVersion\Mile.Aria2.RefreshPackageVersion.csproj", "{CBFD9E43-58EC-4DEC-B514-63B7D00FC5AF}"
EndProject
Global
	GlobalSection(SolutionConfigurationPlatforms) = preSolution
		Debug|Any CPU = Debug|Any CPU
		Release|Any CPU = Release|Any CPU
	EndGlobalSection
	GlobalSection(ProjectConfigurationPlatforms) = postSolution
		{CBFD9E43-58EC-4DEC-B514-63B7D00FC5AF}.Debug|Any CPU.ActiveCfg = Debug|Any CPU
		{CBFD9E43-58EC-4DEC-B514-63B7D00FC5AF}.Debug|Any CPU.Build.0 = Debug|Any CPU
		{CBFD9E43-58EC-4DEC-B514-63B7D00FC5AF}.Release|Any CPU.ActiveCfg = Release|Any CPU
		{CBFD9E43-58EC-4DEC-B514-63B7D00FC5AF}.Release|Any CPU.Build.0 = Release|Any CPU
	EndGlobalSection
	GlobalSection(SolutionProperties) = preSolution
		HideSolutionNode = FALSE
	EndGlobalSection
	GlobalSection(ExtensibilityGlobals) = postSolution
		SolutionGuid = {6C0D2124-57A9-4E5F-BDF3-2D5FB3E09D3D}
	EndGlobalSection
EndGlobal
